<?xml version="1.0" encoding="utf-8"?>
<Project ToolsVersion="4.0" xmlns="http://schemas.microsoft.com/developer/msbuild/2003">
  <ItemGroup>
    <Filter Include="Engine">
      <UniqueIdentifier>{a8d0131e-eb50-44ac-848b-7a821ba71b21}</UniqueIdentifier>
    </Filter>
    <Filter Include="Sample">
      <UniqueIdentifier>{656b759f-efb2-4f59-b546-0dd585a90074}</UniqueIdentifier>
    </Filter>
    <Filter Include="IA">
      <UniqueIdentifier>{88d826f3-b40f-40dc-9356-68266039bd4d}</UniqueIdentifier>
    </Filter>
    <Filter Include="Engine\StateMachine">
      <UniqueIdentifier>{59e15925-eef4-4cb4-95d0-3dd2b6eefbe2}</UniqueIdentifier>
    </Filter>
  </ItemGroup>
  <ItemGroup>
    <ClCompile Include="Entity.cpp">
      <Filter>Engine</Filter>
    </ClCompile>
    <ClCompile Include="GameManager.cpp">
      <Filter>Engine</Filter>
    </ClCompile>
    <ClCompile Include="Utils.cpp">
      <Filter>Engine</Filter>
    </ClCompile>
    <ClCompile Include="main.cpp" />
    <ClCompile Include="Debug.cpp">
      <Filter>Engine</Filter>
    </ClCompile>
    <ClCompile Include="Scene.cpp">
      <Filter>Engine</Filter>
    </ClCompile>
    <ClCompile Include="DummyEntity.cpp">
      <Filter>Sample</Filter>
    </ClCompile>
    <ClCompile Include="SampleScene.cpp">
      <Filter>Sample</Filter>
    </ClCompile>
    <ClCompile Include="RugbyScene.cpp">
      <Filter>IA</Filter>
    </ClCompile>
    <ClCompile Include="Ball.cpp">
      <Filter>IA</Filter>
    </ClCompile>
    <ClCompile Include="Player.cpp">
      <Filter>IA</Filter>
    </ClCompile>
    <ClCompile Include="PlayerAction.cpp" />
    <ClCompile Include="PlayerCondition.cpp" />
  </ItemGroup>
  <ItemGroup>
    <ClInclude Include="Entity.h">
      <Filter>Engine</Filter>
    </ClInclude>
    <ClInclude Include="GameManager.h">
      <Filter>Engine</Filter>
    </ClInclude>
    <ClInclude Include="Utils.h">
      <Filter>Engine</Filter>
    </ClInclude>
    <ClInclude Include="Debug.h">
      <Filter>Engine</Filter>
    </ClInclude>
    <ClInclude Include="Scene.h">
      <Filter>Engine</Filter>
    </ClInclude>
    <ClInclude Include="DummyEntity.h">
      <Filter>Sample</Filter>
    </ClInclude>
    <ClInclude Include="SampleScene.h">
      <Filter>Sample</Filter>
    </ClInclude>
    <ClInclude Include="RugbyScene.h">
      <Filter>IA</Filter>
    </ClInclude>
    <ClInclude Include="Ball.h">
      <Filter>IA</Filter>
    </ClInclude>
    <ClInclude Include="Player.h">
      <Filter>IA</Filter>
    </ClInclude>
    <ClInclude Include="PlayerAction.h" />
    <ClInclude Include="PlayerCondition.h" />
    <ClInclude Include="Action.h">
      <Filter>Engine\StateMachine</Filter>
    </ClInclude>
    <ClInclude Include="Condition.h">
      <Filter>Engine\StateMachine</Filter>
    </ClInclude>
    <ClInclude Include="StateMachine.h">
      <Filter>Engine\StateMachine</Filter>
    </ClInclude>
    <ClInclude Include="Transition.h">
      <Filter>Engine\StateMachine</Filter>
    </ClInclude>
  </ItemGroup>
  <ItemGroup>
    <None Include="Scene.inl">
      <Filter>Engine</Filter>
    </None>
    <None Include="GameManager.inl">
      <Filter>Engine</Filter>
    </None>
    <None Include="Entity.inl">
      <Filter>Engine</Filter>
    </None>
    <None Include="Action.inl">
      <Filter>Engine\StateMachine</Filter>
    </None>
    <None Include="Condition.inl">
      <Filter>Engine\StateMachine</Filter>
    </None>
    <None Include="StateMachine.inl">
      <Filter>Engine\StateMachine</Filter>
    </None>
    <None Include="Transition.inl">
      <Filter>Engine\StateMachine</Filter>
    </None>
  </ItemGroup>
</Project>